{
  "name": "server",
  "version": "1.0.0",
  "lockfileVersion": 1,
  "requires": true,
  "dependencies": {
    "@types/node": {
      "version": "15.12.3",
      "resolved": "https://registry.npmjs.org/@types/node/-/node-15.12.3.tgz",
      "integrity": "sha512-SNt65CPCXvGNDZ3bvk1TQ0Qxoe3y1RKH88+wZ2Uf05dduBCqqFQ76ADP9pbT+Cpvj60SkRppMCh2Zo8tDixqjQ=="
    },
    "@types/ws": {
      "version": "7.4.5",
      "resolved": "https://registry.npmjs.org/@types/ws/-/ws-7.4.5.tgz",
      "integrity": "sha512-8mbDgtc8xpxDDem5Gwj76stBDJX35KQ3YBoayxlqUQcL5BZUthiqP/VQ4PQnLHqM4PmlbyO74t98eJpURO+gPA==",
      "requires": {
        "@types/node": "*"
      }
    },
    "ws": {
      "version": "7.5.0",
      "resolved": "https://registry.npmjs.org/ws/-/ws-7.5.0.tgz",
      "integrity": "sha512-6ezXvzOZupqKj4jUqbQ9tXuJNo+BR2gU8fFRk3XCP3e0G6WT414u5ELe6Y0vtp7kmSJ3F7YWObSNr1ESsgi4vw=="
    }
  }
}
